{
    "_meta": {
        "hash": {
            "sha256": "4bdd3b4358429b29c6bc83900d001fd7d5c209a7f7a26a523aa7d47edb3d6e6c"
        },
        "pipfile-spec": 6,
        "requires": {},
        "sources": [
            {
                "name": "pypi",
                "url": "https://pypi.python.org/simple",
                "verify_ssl": true
            }
        ]
    },
    "default": {
        "appdirs": {
            "hashes": [
                "sha256:9e5896d1372858f8dd3344faf4e5014d21849c756c8d5701f78f8a103b372d92",
                "sha256:d8b24664561d0d34ddfaec54636d502d7cea6e29c3eaf68f3df6180863e2166e"
            ],
            "index": "pypi",
            "version": "==1.4.3"
        },
        "autopep8": {
            "hashes": [
                "sha256:405eaa5199c74a0570125916e6af44d39343c1fcaaafee117fc329a3f86048c4"
            ],
            "index": "pypi",
            "version": "==1.3.1"
        },
        "pkginfo": {
            "hashes": [
                "sha256:31a49103180ae1518b65d3f4ce09c784e2bc54e338197668b4fb7dc539521024",
                "sha256:bb1a6aeabfc898f5df124e7e00303a5b3ec9a489535f346bfbddb081af93f89e"
            ],
            "index": "pypi",
            "version": "==1.4.1"
        },
        "pycodestyle": {
            "hashes": [
                "sha256:682256a5b318149ca0d2a9185d365d8864a768a28db66a84a2ea946bcc426766",
                "sha256:6c4245ade1edfad79c3446fadfc96b0de2759662dc29d07d80a6f27ad1ca6ba9"
            ],
            "index": "pypi",
            "version": "==2.3.1"
        },
        "pyparsing": {
            "hashes": [
                "sha256:0832bcf47acd283788593e7a0f542407bd9550a55a8a8435214a1960e04bcb04",
                "sha256:fee43f17a9c4087e7ed1605bd6df994c6173c1e977d7ade7b651292fab2bd010"
            ],
            "index": "pypi",
            "version": "==2.2.0"
        },
        "requests": {
            "hashes": [
                "sha256:3b39cde35be51762885631cf586f4dc2284951b44d479a4454020758d767cc2f",
                "sha256:a274abba399a23e8713ffd2b5706535ae280ebe2b8069ee6a941cb089440d153"
            ],
            "index": "pypi",
            "version": "==2.14.2"
        },
        "requests-toolbelt": {
            "hashes": [
                "sha256:42c9c170abc2cacb78b8ab23ac957945c7716249206f90874651971a4acff237",
                "sha256:f6a531936c6fa4c6cfce1b9c10d5c4f498d16528d2a54a22ca00011205a187b5"
            ],
            "index": "pypi",
            "version": "==0.8.0"
        },
        "six": {
            "hashes": [
                "sha256:3350809f0555b11f552448330d0b52d5f24c91a322ea4a15ef22629740f3761c",
                "sha256:d16a0141ec1a18405cd4ce8b4613101da75da0e9a7aec5bdd4fa804d0e0eba73"
            ],
            "index": "pypi",
            "version": "==1.12.0"
        },
        "tqdm": {
            "hashes": [
                "sha256:14baa7a9ea7723d46f60de5f8c6f20e840baa7e3e193bf0d9ec5fe9103a15254",
                "sha256:1621b3476c2224045d8bd57209aab006612a46ae2cc518b4a92ad988983e4c3d"
            ],
            "index": "pypi",
            "version": "==4.11.2"
        },
        "twine": {
            "hashes": [
                "sha256:aca768b57a1adf4e0e3d1276e5808667f848836c68ee249dbd06e9d59aebf570",
                "sha256:ff43128cfee0e3838e689ae6c025b99a427689cf51abd9660b0a88bb53dae407"
            ],
            "index": "pypi",
            "version": "==1.9.0"
        }
    },
    "develop": {
        "certifi": {
            "hashes": [
                "sha256:046832c04d4e752f37383b628bc601a7ea7211496b4638f6514d0e5b9acc4939",
                "sha256:945e3ba63a0b9f577b1395204e13c3a231f9bc0223888be653286534e5873695"
            ],
            "version": "==2019.6.16"
        },
        "pbr": {
            "hashes": [
                "sha256:56e52299170b9492513c64be44736d27a512fa7e606f21942160b68ce510b4bc",
                "sha256:9b321c204a88d8ab5082699469f52cc94c5da45c51f114113d01b3d993c24cdf"
            ],
            "version": "==5.4.2"
        },
        "pipenv": {
            "hashes": [
                "sha256:56ad5f5cb48f1e58878e14525a6e3129d4306049cb76d2f6a3e95df0d5fc6330",
                "sha256:7df8e33a2387de6f537836f48ac6fcd94eda6ed9ba3d5e3fd52e35b5bc7ff49e",
                "sha256:a673e606e8452185e9817a987572b55360f4d28b50831ef3b42ac3cab3fee846"
            ],
            "version": "==2018.11.26"
        },
        "pipenv-to-requirements": {
            "hashes": [
                "sha256:115390158232f53983f1d989f922d890adbdaaaa95c8b2357a77b9f5fe647862",
                "sha256:5b7349e76d2c511e8b4a723495311b310e4e33bb716437b30cc18ecb0b0b5e29"
            ],
            "index": "pypi",
            "version": "==0.8.2"
        },
        "virtualenv": {
            "hashes": [
                "sha256:5e4d92f9a36359a745ddb113cabb662e6100e71072a1e566eb6ddfcc95fdb7ed",
                "sha256:b6711690882013bc79e0eac55889d901596f0967165d80adfa338c5729db1c71"
            ],
            "version": "==16.7.3"
        },
        "virtualenv-clone": {
            "hashes": [
                "sha256:532f789a5c88adf339506e3ca03326f20ee82fd08ee5586b44dc859b5b4468c5",
                "sha256:c88ae171a11b087ea2513f260cdac9232461d8e9369bcd1dc143fc399d220557"
            ],
            "version": "==0.5.3"
        }
    }
}
